{
  "name": "getdisplaymedia",
  "version": "0.0.9",
  "lockfileVersion": 1,
  "requires": true,
  "dependencies": {
    "buffer-equal": {
      "version": "0.0.1",
      "resolved": "https://registry.npmjs.org/buffer-equal/-/buffer-equal-0.0.1.tgz",
      "integrity": "sha1-kbx0sR6kBbyRa8aqkI+q+ltKrEs="
    },
    "png-info": {
      "version": "0.0.1",
      "resolved": "https://registry.npmjs.org/png-info/-/png-info-0.0.1.tgz",
      "integrity": "sha1-QOmik9Hl1Igd5/YFPmqok3r/Ptk=",
      "requires": {
        "buffer-equal": "0.0.1"
      }
    },
    "wolfy87-eventemitter": {
      "version": "5.2.6",
      "resolved": "https://registry.npmjs.org/wolfy87-eventemitter/-/wolfy87-eventemitter-5.2.6.tgz",
      "integrity": "sha512-n+bSucT1j9ZEoosxnfuH81bWqtZG4QEtZ9WEuiXz9YQAHEktGYKoSoMTKWTJEcYux8lWoqp1KqHPBpwvJKFFTw=="
    }
  }
}
